
Microsoft Visual Studio Solution File, Format Version 12.00
# Visual Studio Version 16
VisualStudioVersion = 16.0.30204.135
MinimumVisualStudioVersion = 10.0.40219.1
Project("{FAE04EC0-301F-11D3-BF4B-00C04F79EFBC}") = "EmailSync", "EmailSync.csproj", "{86181FFE-610F-43ED-B811-DCF1885E4B6E}"
EndProject
Global
	GlobalSection(SolutionConfigurationPlatforms) = preSolution
		Debug|Any CPU = Debug|Any CPU
		Release|Any CPU = Release|Any CPU
	EndGlobalSection
	GlobalSection(ProjectConfigurationPlatforms) = postSolution
		{86181FFE-610F-43ED-B811-DCF1885E4B6E}.Debug|Any CPU.ActiveCfg = Debug|Any CPU
		{86181FFE-610F-43ED-B811-DCF1885E4B6E}.Debug|Any CPU.Build.0 = Debug|Any CPU
		{86181FFE-610F-43ED-B811-DCF1885E4B6E}.Release|Any CPU.ActiveCfg = Release|Any CPU
		{86181FFE-610F-43ED-B811-DCF1885E4B6E}.Release|Any CPU.Build.0 = Release|Any CPU
	EndGlobalSection
	GlobalSection(SolutionProperties) = preSolution
		HideSolutionNode = FALSE
	EndGlobalSection
	GlobalSection(ExtensibilityGlobals) = postSolution
		SolutionGuid = {019621C0-5F54-4376-B5DC-8A3C95878E29}
	EndGlobalSection
EndGlobal
